
Microsoft Visual Studio Solution File, Format Version 12.00
# Visual Studio Version 16
VisualStudioVersion = 16.0.30523.141
MinimumVisualStudioVersion = 10.0.40219.1
Project("{FAE04EC0-301F-11D3-BF4B-00C04F79EFBC}") = "Task_1", "Task_1\Task_1.csproj", "{EFA22BA0-5C23-43EE-9D04-B889F558D5E1}"
EndProject
Project("{FAE04EC0-301F-11D3-BF4B-00C04F79EFBC}") = "Task_2", "Task_2\Task_2.csproj", "{F4A6DBF8-9A53-4EA5-8F24-F61E1408DAB9}"
EndProject
Global
	GlobalSection(SolutionConfigurationPlatforms) = preSolution
		Debug|Any CPU = Debug|Any CPU
		Release|Any CPU = Release|Any CPU
	EndGlobalSection
	GlobalSection(ProjectConfigurationPlatforms) = postSolution
		{EFA22BA0-5C23-43EE-9D04-B889F558D5E1}.Debug|Any CPU.ActiveCfg = Debug|Any CPU
		{EFA22BA0-5C23-43EE-9D04-B889F558D5E1}.Debug|Any CPU.Build.0 = Debug|Any CPU
		{EFA22BA0-5C23-43EE-9D04-B889F558D5E1}.Release|Any CPU.ActiveCfg = Release|Any CPU
		{EFA22BA0-5C23-43EE-9D04-B889F558D5E1}.Release|Any CPU.Build.0 = Release|Any CPU
		{F4A6DBF8-9A53-4EA5-8F24-F61E1408DAB9}.Debug|Any CPU.ActiveCfg = Debug|Any CPU
		{F4A6DBF8-9A53-4EA5-8F24-F61E1408DAB9}.Debug|Any CPU.Build.0 = Debug|Any CPU
		{F4A6DBF8-9A53-4EA5-8F24-F61E1408DAB9}.Release|Any CPU.ActiveCfg = Release|Any CPU
		{F4A6DBF8-9A53-4EA5-8F24-F61E1408DAB9}.Release|Any CPU.Build.0 = Release|Any CPU
	EndGlobalSection
	GlobalSection(SolutionProperties) = preSolution
		HideSolutionNode = FALSE
	EndGlobalSection
	GlobalSection(ExtensibilityGlobals) = postSolution
		SolutionGuid = {AB9A2872-7AAC-4AB8-992E-C39C85833CAE}
	EndGlobalSection
EndGlobal
