
Microsoft Visual Studio Solution File, Format Version 12.00
# Visual Studio Version 16
VisualStudioVersion = 16.0.30523.141
MinimumVisualStudioVersion = 10.0.40219.1
Project("{FAE04EC0-301F-11D3-BF4B-00C04F79EFBC}") = "Task_1", "Task_1\Task_1.csproj", "{EFA22BA0-5C23-43EE-9D04-B889F558D5E1}"
EndProject
Project("{FAE04EC0-301F-11D3-BF4B-00C04F79EFBC}") = "Task_2", "Task_2\Task_2.csproj", "{F4A6DBF8-9A53-4EA5-8F24-F61E1408DAB9}"
EndProject
<<<<<<< HEAD
Project("{FAE04EC0-301F-11D3-BF4B-00C04F79EFBC}") = "Task_3", "Task_3\Task_3.csproj", "{3CE30176-0916-4081-8E33-82933B4E1DB9}"
EndProject
Project("{FAE04EC0-301F-11D3-BF4B-00C04F79EFBC}") = "Task_4", "Task_4\Task_4.csproj", "{3F2AC4EF-404E-4AEA-94F6-24CE81A0EA5F}"
EndProject
Project("{FAE04EC0-301F-11D3-BF4B-00C04F79EFBC}") = "Task_5", "Task_5\Task_5.csproj", "{87B6303D-5D99-4549-9B41-E5C0C8CAE309}"
EndProject
Project("{FAE04EC0-301F-11D3-BF4B-00C04F79EFBC}") = "Task_6", "Task_6\Task_6.csproj", "{4EF045B3-806A-4674-89F2-B60991CBA96C}"
EndProject
Project("{FAE04EC0-301F-11D3-BF4B-00C04F79EFBC}") = "Task_7", "Task_7\Task_7.csproj", "{C2AA9FC1-5F49-42CD-BEF7-1BF763FA8A71}"
EndProject
Project("{FAE04EC0-301F-11D3-BF4B-00C04F79EFBC}") = "Task_8", "Task_8\Task_8.csproj", "{8E62452B-CF07-4A4D-90EC-BC45E5D73CBF}"
EndProject
Project("{FAE04EC0-301F-11D3-BF4B-00C04F79EFBC}") = "Task_9", "Task_9\Task_9.csproj", "{E72EF095-6B74-482E-9C36-D76899DCDA62}"
EndProject
=======
>>>>>>> 640b7a8df4af9fc01728a9b05477b4f80166378d
Global
	GlobalSection(SolutionConfigurationPlatforms) = preSolution
		Debug|Any CPU = Debug|Any CPU
		Release|Any CPU = Release|Any CPU
	EndGlobalSection
	GlobalSection(ProjectConfigurationPlatforms) = postSolution
		{EFA22BA0-5C23-43EE-9D04-B889F558D5E1}.Debug|Any CPU.ActiveCfg = Debug|Any CPU
		{EFA22BA0-5C23-43EE-9D04-B889F558D5E1}.Debug|Any CPU.Build.0 = Debug|Any CPU
		{EFA22BA0-5C23-43EE-9D04-B889F558D5E1}.Release|Any CPU.ActiveCfg = Release|Any CPU
		{EFA22BA0-5C23-43EE-9D04-B889F558D5E1}.Release|Any CPU.Build.0 = Release|Any CPU
		{F4A6DBF8-9A53-4EA5-8F24-F61E1408DAB9}.Debug|Any CPU.ActiveCfg = Debug|Any CPU
		{F4A6DBF8-9A53-4EA5-8F24-F61E1408DAB9}.Debug|Any CPU.Build.0 = Debug|Any CPU
		{F4A6DBF8-9A53-4EA5-8F24-F61E1408DAB9}.Release|Any CPU.ActiveCfg = Release|Any CPU
		{F4A6DBF8-9A53-4EA5-8F24-F61E1408DAB9}.Release|Any CPU.Build.0 = Release|Any CPU
<<<<<<< HEAD
		{3CE30176-0916-4081-8E33-82933B4E1DB9}.Debug|Any CPU.ActiveCfg = Debug|Any CPU
		{3CE30176-0916-4081-8E33-82933B4E1DB9}.Debug|Any CPU.Build.0 = Debug|Any CPU
		{3CE30176-0916-4081-8E33-82933B4E1DB9}.Release|Any CPU.ActiveCfg = Release|Any CPU
		{3CE30176-0916-4081-8E33-82933B4E1DB9}.Release|Any CPU.Build.0 = Release|Any CPU
		{3F2AC4EF-404E-4AEA-94F6-24CE81A0EA5F}.Debug|Any CPU.ActiveCfg = Debug|Any CPU
		{3F2AC4EF-404E-4AEA-94F6-24CE81A0EA5F}.Debug|Any CPU.Build.0 = Debug|Any CPU
		{3F2AC4EF-404E-4AEA-94F6-24CE81A0EA5F}.Release|Any CPU.ActiveCfg = Release|Any CPU
		{3F2AC4EF-404E-4AEA-94F6-24CE81A0EA5F}.Release|Any CPU.Build.0 = Release|Any CPU
		{87B6303D-5D99-4549-9B41-E5C0C8CAE309}.Debug|Any CPU.ActiveCfg = Debug|Any CPU
		{87B6303D-5D99-4549-9B41-E5C0C8CAE309}.Debug|Any CPU.Build.0 = Debug|Any CPU
		{87B6303D-5D99-4549-9B41-E5C0C8CAE309}.Release|Any CPU.ActiveCfg = Release|Any CPU
		{87B6303D-5D99-4549-9B41-E5C0C8CAE309}.Release|Any CPU.Build.0 = Release|Any CPU
		{4EF045B3-806A-4674-89F2-B60991CBA96C}.Debug|Any CPU.ActiveCfg = Debug|Any CPU
		{4EF045B3-806A-4674-89F2-B60991CBA96C}.Debug|Any CPU.Build.0 = Debug|Any CPU
		{4EF045B3-806A-4674-89F2-B60991CBA96C}.Release|Any CPU.ActiveCfg = Release|Any CPU
		{4EF045B3-806A-4674-89F2-B60991CBA96C}.Release|Any CPU.Build.0 = Release|Any CPU
		{C2AA9FC1-5F49-42CD-BEF7-1BF763FA8A71}.Debug|Any CPU.ActiveCfg = Debug|Any CPU
		{C2AA9FC1-5F49-42CD-BEF7-1BF763FA8A71}.Debug|Any CPU.Build.0 = Debug|Any CPU
		{C2AA9FC1-5F49-42CD-BEF7-1BF763FA8A71}.Release|Any CPU.ActiveCfg = Release|Any CPU
		{C2AA9FC1-5F49-42CD-BEF7-1BF763FA8A71}.Release|Any CPU.Build.0 = Release|Any CPU
		{8E62452B-CF07-4A4D-90EC-BC45E5D73CBF}.Debug|Any CPU.ActiveCfg = Debug|Any CPU
		{8E62452B-CF07-4A4D-90EC-BC45E5D73CBF}.Debug|Any CPU.Build.0 = Debug|Any CPU
		{8E62452B-CF07-4A4D-90EC-BC45E5D73CBF}.Release|Any CPU.ActiveCfg = Release|Any CPU
		{8E62452B-CF07-4A4D-90EC-BC45E5D73CBF}.Release|Any CPU.Build.0 = Release|Any CPU
		{E72EF095-6B74-482E-9C36-D76899DCDA62}.Debug|Any CPU.ActiveCfg = Debug|Any CPU
		{E72EF095-6B74-482E-9C36-D76899DCDA62}.Debug|Any CPU.Build.0 = Debug|Any CPU
		{E72EF095-6B74-482E-9C36-D76899DCDA62}.Release|Any CPU.ActiveCfg = Release|Any CPU
		{E72EF095-6B74-482E-9C36-D76899DCDA62}.Release|Any CPU.Build.0 = Release|Any CPU
=======
>>>>>>> 640b7a8df4af9fc01728a9b05477b4f80166378d
	EndGlobalSection
	GlobalSection(SolutionProperties) = preSolution
		HideSolutionNode = FALSE
	EndGlobalSection
	GlobalSection(ExtensibilityGlobals) = postSolution
		SolutionGuid = {AB9A2872-7AAC-4AB8-992E-C39C85833CAE}
	EndGlobalSection
EndGlobal
